{
  "originHash" : "c27e58af1c425c8a9d853221fab83c2f0a79cd5a825eaa94d70c1cd3fa6ec482",
  "pins" : [
    {
      "identity" : "foggycolors",
      "kind" : "remoteSourceControl",
      "location" : "https://github.com/alexdremov/FoggyColors",
      "state" : {
        "revision" : "98ba7b491903432eba9aa38ae36cc6267016a9a4",
        "version" : "1.2.0"
      }
    },
    {
      "identity" : "realm-core",
      "kind" : "remoteSourceControl",
      "location" : "https://github.com/realm/realm-core.git",
      "state" : {
        "revision" : "c2552e1d36867cb42b28130e894a81fc17081062",
        "version" : "14.12.0"
      }
    },
    {
      "identity" : "realm-swift",
      "kind" : "remoteSourceControl",
      "location" : "https://github.com/realm/realm-swift.git",
      "state" : {
        "branch" : "master",
        "revision" : "7ffcc1165fe335b793f59c5a4ff0d472fcc1625a"
      }
    }
  ],
  "version" : 3
}
