// !$*UTF8*$!
{
	archiveVersion = 1;
	classes = {
	};
	objectVersion = 56;
	objects = {

/* Begin PBXBuildFile section */
		7AEFDE27038E0F178FFB4D50 /* Pods_BluechipProgress.framework in Frameworks */ = {isa = PBXBuildFile; fileRef = B13917957B509C3C0E7B8763 /* Pods_BluechipProgress.framework */; };
		A50160BC2C98537D00810737 /* RealmSwift in Embed Frameworks */ = {isa = PBXBuildFile; productRef = A5A96D9D2C9848CF00D0F3F2 /* RealmSwift */; settings = {ATTRIBUTES = (CodeSignOnCopy, ); }; };
		A5265D802C920E0900EC4158 /* GoalListView.swift in Sources */ = {isa = PBXBuildFile; fileRef = A5265D7F2C920E0900EC4158 /* GoalListView.swift */; };
		A5265D822C920EED00EC4158 /* GoalListViewModel.swift in Sources */ = {isa = PBXBuildFile; fileRef = A5265D812C920EED00EC4158 /* GoalListViewModel.swift */; };
		A5265D842C920F7500EC4158 /* GoalSmallCellView.swift in Sources */ = {isa = PBXBuildFile; fileRef = A5265D832C920F7500EC4158 /* GoalSmallCellView.swift */; };
		A5265D862C92173400EC4158 /* GoalDetailView.swift in Sources */ = {isa = PBXBuildFile; fileRef = A5265D852C92173400EC4158 /* GoalDetailView.swift */; };
		A5265D892C92DFCA00EC4158 /* CompletedGoalsView.swift in Sources */ = {isa = PBXBuildFile; fileRef = A5265D882C92DFCA00EC4158 /* CompletedGoalsView.swift */; };
		A5265D8B2C92E09500EC4158 /* CompletedGoalsViewModel.swift in Sources */ = {isa = PBXBuildFile; fileRef = A5265D8A2C92E09500EC4158 /* CompletedGoalsViewModel.swift */; };
		A5265D8D2C92E10100EC4158 /* CompletedCellView.swift in Sources */ = {isa = PBXBuildFile; fileRef = A5265D8C2C92E10100EC4158 /* CompletedCellView.swift */; };
		A5265D8F2C92F90900EC4158 /* ProfileView.swift in Sources */ = {isa = PBXBuildFile; fileRef = A5265D8E2C92F90900EC4158 /* ProfileView.swift */; };
		A5265D912C92FCD200EC4158 /* OnboardingView.swift in Sources */ = {isa = PBXBuildFile; fileRef = A5265D902C92FCD200EC4158 /* OnboardingView.swift */; };
		A5265D932C93008800EC4158 /* AuthVM.swift in Sources */ = {isa = PBXBuildFile; fileRef = A5265D922C93008800EC4158 /* AuthVM.swift */; };
		A5265D952C93009A00EC4158 /* LogInView.swift in Sources */ = {isa = PBXBuildFile; fileRef = A5265D942C93009A00EC4158 /* LogInView.swift */; };
		A5265D972C9300AA00EC4158 /* RegView.swift in Sources */ = {isa = PBXBuildFile; fileRef = A5265D962C9300AA00EC4158 /* RegView.swift */; };
		A5265D992C9300C600EC4158 /* InputView.swift in Sources */ = {isa = PBXBuildFile; fileRef = A5265D982C9300C600EC4158 /* InputView.swift */; };
		A5265D9B2C9300D400EC4158 /* ProgressView.swift in Sources */ = {isa = PBXBuildFile; fileRef = A5265D9A2C9300D400EC4158 /* ProgressView.swift */; };
		A5265DA02C9305AA00EC4158 /* RootView.swift in Sources */ = {isa = PBXBuildFile; fileRef = A5265D9F2C9305AA00EC4158 /* RootView.swift */; };
		A55DDE602C90C7A50041AE5B /* SubgoalsView.swift in Sources */ = {isa = PBXBuildFile; fileRef = A55DDE5F2C90C7A50041AE5B /* SubgoalsView.swift */; };
		A57D4A582C88C7060015C5C5 /* MainView.swift in Sources */ = {isa = PBXBuildFile; fileRef = A57D4A572C88C7060015C5C5 /* MainView.swift */; };
		A57D4A5E2C88CBF60015C5C5 /* Goal.swift in Sources */ = {isa = PBXBuildFile; fileRef = A57D4A5D2C88CBF60015C5C5 /* Goal.swift */; };
		A57D4A612C88CD830015C5C5 /* DataManager.swift in Sources */ = {isa = PBXBuildFile; fileRef = A57D4A602C88CD830015C5C5 /* DataManager.swift */; };
		A59D0C682C90A0560007D316 /* NewGoalView.swift in Sources */ = {isa = PBXBuildFile; fileRef = A59D0C672C90A0560007D316 /* NewGoalView.swift */; };
		A59D0C6A2C90A70C0007D316 /* ImageSelectionView.swift in Sources */ = {isa = PBXBuildFile; fileRef = A59D0C692C90A70C0007D316 /* ImageSelectionView.swift */; };
		A59D0C6C2C90A72D0007D316 /* ImagePicker.swift in Sources */ = {isa = PBXBuildFile; fileRef = A59D0C6B2C90A72D0007D316 /* ImagePicker.swift */; };
		A59D0C6E2C90AE220007D316 /* StorageManager.swift in Sources */ = {isa = PBXBuildFile; fileRef = A59D0C6D2C90AE220007D316 /* StorageManager.swift */; };
		A59D0C702C90B3240007D316 /* MainViewModel.swift in Sources */ = {isa = PBXBuildFile; fileRef = A59D0C6F2C90B3240007D316 /* MainViewModel.swift */; };
		A5A96D962C9811D700D0F3F2 /* UserManager.swift in Sources */ = {isa = PBXBuildFile; fileRef = A5A96D952C9811D700D0F3F2 /* UserManager.swift */; };
		A5A96D982C98140800D0F3F2 /* PrivacyInfo.xcprivacy in Resources */ = {isa = PBXBuildFile; fileRef = A5A96D972C98140800D0F3F2 /* PrivacyInfo.xcprivacy */; };
		A5A96D9B2C983F0300D0F3F2 /* GoogleService-Info.plist in Resources */ = {isa = PBXBuildFile; fileRef = A5A96D9A2C983F0300D0F3F2 /* GoogleService-Info.plist */; };
		A5A96D9E2C9848CF00D0F3F2 /* RealmSwift in Frameworks */ = {isa = PBXBuildFile; productRef = A5A96D9D2C9848CF00D0F3F2 /* RealmSwift */; };
		A5DCCC452C878199000ED9BC /* AppDelegate.swift in Sources */ = {isa = PBXBuildFile; fileRef = A5DCCC442C878199000ED9BC /* AppDelegate.swift */; };
		A5DCCC472C878199000ED9BC /* SceneDelegate.swift in Sources */ = {isa = PBXBuildFile; fileRef = A5DCCC462C878199000ED9BC /* SceneDelegate.swift */; };
		A5DCCC492C878199000ED9BC /* ViewController.swift in Sources */ = {isa = PBXBuildFile; fileRef = A5DCCC482C878199000ED9BC /* ViewController.swift */; };
		A5DCCC4C2C878199000ED9BC /* Base in Resources */ = {isa = PBXBuildFile; fileRef = A5DCCC4B2C878199000ED9BC /* Base */; };
		A5DCCC4E2C87819B000ED9BC /* Assets.xcassets in Resources */ = {isa = PBXBuildFile; fileRef = A5DCCC4D2C87819B000ED9BC /* Assets.xcassets */; };
		A5DCCC512C87819B000ED9BC /* Base in Resources */ = {isa = PBXBuildFile; fileRef = A5DCCC502C87819B000ED9BC /* Base */; };
		A5DCCC632C878C93000ED9BC /* FoggyColors in Frameworks */ = {isa = PBXBuildFile; productRef = A5DCCC622C878C93000ED9BC /* FoggyColors */; };
		A5DCCC652C878CA1000ED9BC /* BackgroundView.swift in Sources */ = {isa = PBXBuildFile; fileRef = A5DCCC642C878CA1000ED9BC /* BackgroundView.swift */; };
		A5DCCC672C878D14000ED9BC /* Color + Ext.swift in Sources */ = {isa = PBXBuildFile; fileRef = A5DCCC662C878D14000ED9BC /* Color + Ext.swift */; };
		A5DCCC6A2C878F6D000ED9BC /* TabMainView.swift in Sources */ = {isa = PBXBuildFile; fileRef = A5DCCC692C878F6D000ED9BC /* TabMainView.swift */; };
		A5DCCC6C2C878F7B000ED9BC /* MaterialEffect.swift in Sources */ = {isa = PBXBuildFile; fileRef = A5DCCC6B2C878F7B000ED9BC /* MaterialEffect.swift */; };
		A5DCCC6E2C878F8F000ED9BC /* BottomCurve.swift in Sources */ = {isa = PBXBuildFile; fileRef = A5DCCC6D2C878F8F000ED9BC /* BottomCurve.swift */; };
		A5DCCC702C878FC2000ED9BC /* View + Ext.swift in Sources */ = {isa = PBXBuildFile; fileRef = A5DCCC6F2C878FC2000ED9BC /* View + Ext.swift */; };
		A5F896212C89BA5C0009DC0A /* Modifiers.swift in Sources */ = {isa = PBXBuildFile; fileRef = A5F896202C89BA5C0009DC0A /* Modifiers.swift */; };
		A5F896232C89BC5B0009DC0A /* GoalCardView.swift in Sources */ = {isa = PBXBuildFile; fileRef = A5F896222C89BC5B0009DC0A /* GoalCardView.swift */; };
/* End PBXBuildFile section */

/* Begin PBXCopyFilesBuildPhase section */
		A50160BD2C98537D00810737 /* Embed Frameworks */ = {
			isa = PBXCopyFilesBuildPhase;
			buildActionMask = 2147483647;
			dstPath = "";
			dstSubfolderSpec = 10;
			files = (
				A50160BC2C98537D00810737 /* RealmSwift in Embed Frameworks */,
			);
			name = "Embed Frameworks";
			runOnlyForDeploymentPostprocessing = 0;
		};
/* End PBXCopyFilesBuildPhase section */

/* Begin PBXFileReference section */
		4AD29D1EB6743F8597FC24DC /* Pods-BluechipProgress.debug.xcconfig */ = {isa = PBXFileReference; includeInIndex = 1; lastKnownFileType = text.xcconfig; name = "Pods-BluechipProgress.debug.xcconfig"; path = "Target Support Files/Pods-BluechipProgress/Pods-BluechipProgress.debug.xcconfig"; sourceTree = "<group>"; };
		813322593E04776110841B50 /* Pods-BluechipProgress.release.xcconfig */ = {isa = PBXFileReference; includeInIndex = 1; lastKnownFileType = text.xcconfig; name = "Pods-BluechipProgress.release.xcconfig"; path = "Target Support Files/Pods-BluechipProgress/Pods-BluechipProgress.release.xcconfig"; sourceTree = "<group>"; };
		A5265D7F2C920E0900EC4158 /* GoalListView.swift */ = {isa = PBXFileReference; lastKnownFileType = sourcecode.swift; path = GoalListView.swift; sourceTree = "<group>"; };
		A5265D812C920EED00EC4158 /* GoalListViewModel.swift */ = {isa = PBXFileReference; lastKnownFileType = sourcecode.swift; path = GoalListViewModel.swift; sourceTree = "<group>"; };
		A5265D832C920F7500EC4158 /* GoalSmallCellView.swift */ = {isa = PBXFileReference; lastKnownFileType = sourcecode.swift; path = GoalSmallCellView.swift; sourceTree = "<group>"; };
		A5265D852C92173400EC4158 /* GoalDetailView.swift */ = {isa = PBXFileReference; lastKnownFileType = sourcecode.swift; path = GoalDetailView.swift; sourceTree = "<group>"; };
		A5265D882C92DFCA00EC4158 /* CompletedGoalsView.swift */ = {isa = PBXFileReference; lastKnownFileType = sourcecode.swift; path = CompletedGoalsView.swift; sourceTree = "<group>"; };
		A5265D8A2C92E09500EC4158 /* CompletedGoalsViewModel.swift */ = {isa = PBXFileReference; lastKnownFileType = sourcecode.swift; path = CompletedGoalsViewModel.swift; sourceTree = "<group>"; };
		A5265D8C2C92E10100EC4158 /* CompletedCellView.swift */ = {isa = PBXFileReference; lastKnownFileType = sourcecode.swift; path = CompletedCellView.swift; sourceTree = "<group>"; };
		A5265D8E2C92F90900EC4158 /* ProfileView.swift */ = {isa = PBXFileReference; lastKnownFileType = sourcecode.swift; path = ProfileView.swift; sourceTree = "<group>"; };
		A5265D902C92FCD200EC4158 /* OnboardingView.swift */ = {isa = PBXFileReference; lastKnownFileType = sourcecode.swift; path = OnboardingView.swift; sourceTree = "<group>"; };
		A5265D922C93008800EC4158 /* AuthVM.swift */ = {isa = PBXFileReference; lastKnownFileType = sourcecode.swift; path = AuthVM.swift; sourceTree = "<group>"; };
		A5265D942C93009A00EC4158 /* LogInView.swift */ = {isa = PBXFileReference; lastKnownFileType = sourcecode.swift; path = LogInView.swift; sourceTree = "<group>"; };
		A5265D962C9300AA00EC4158 /* RegView.swift */ = {isa = PBXFileReference; lastKnownFileType = sourcecode.swift; path = RegView.swift; sourceTree = "<group>"; };
		A5265D982C9300C600EC4158 /* InputView.swift */ = {isa = PBXFileReference; lastKnownFileType = sourcecode.swift; path = InputView.swift; sourceTree = "<group>"; };
		A5265D9A2C9300D400EC4158 /* ProgressView.swift */ = {isa = PBXFileReference; lastKnownFileType = sourcecode.swift; path = ProgressView.swift; sourceTree = "<group>"; };
		A5265D9F2C9305AA00EC4158 /* RootView.swift */ = {isa = PBXFileReference; lastKnownFileType = sourcecode.swift; path = RootView.swift; sourceTree = "<group>"; };
		A55DDE5F2C90C7A50041AE5B /* SubgoalsView.swift */ = {isa = PBXFileReference; lastKnownFileType = sourcecode.swift; path = SubgoalsView.swift; sourceTree = "<group>"; };
		A57D4A572C88C7060015C5C5 /* MainView.swift */ = {isa = PBXFileReference; lastKnownFileType = sourcecode.swift; path = MainView.swift; sourceTree = "<group>"; };
		A57D4A5D2C88CBF60015C5C5 /* Goal.swift */ = {isa = PBXFileReference; lastKnownFileType = sourcecode.swift; path = Goal.swift; sourceTree = "<group>"; };
		A57D4A602C88CD830015C5C5 /* DataManager.swift */ = {isa = PBXFileReference; lastKnownFileType = sourcecode.swift; path = DataManager.swift; sourceTree = "<group>"; };
		A59D0C672C90A0560007D316 /* NewGoalView.swift */ = {isa = PBXFileReference; lastKnownFileType = sourcecode.swift; path = NewGoalView.swift; sourceTree = "<group>"; };
		A59D0C692C90A70C0007D316 /* ImageSelectionView.swift */ = {isa = PBXFileReference; lastKnownFileType = sourcecode.swift; path = ImageSelectionView.swift; sourceTree = "<group>"; };
		A59D0C6B2C90A72D0007D316 /* ImagePicker.swift */ = {isa = PBXFileReference; lastKnownFileType = sourcecode.swift; path = ImagePicker.swift; sourceTree = "<group>"; };
		A59D0C6D2C90AE220007D316 /* StorageManager.swift */ = {isa = PBXFileReference; lastKnownFileType = sourcecode.swift; path = StorageManager.swift; sourceTree = "<group>"; };
		A59D0C6F2C90B3240007D316 /* MainViewModel.swift */ = {isa = PBXFileReference; lastKnownFileType = sourcecode.swift; path = MainViewModel.swift; sourceTree = "<group>"; };
		A5A96D952C9811D700D0F3F2 /* UserManager.swift */ = {isa = PBXFileReference; lastKnownFileType = sourcecode.swift; path = UserManager.swift; sourceTree = "<group>"; };
		A5A96D972C98140800D0F3F2 /* PrivacyInfo.xcprivacy */ = {isa = PBXFileReference; lastKnownFileType = text.xml; path = PrivacyInfo.xcprivacy; sourceTree = "<group>"; };
		A5A96D992C98142200D0F3F2 /* BluechipProgress.entitlements */ = {isa = PBXFileReference; lastKnownFileType = text.plist.entitlements; path = BluechipProgress.entitlements; sourceTree = "<group>"; };
		A5A96D9A2C983F0300D0F3F2 /* GoogleService-Info.plist */ = {isa = PBXFileReference; fileEncoding = 4; lastKnownFileType = text.plist.xml; path = "GoogleService-Info.plist"; sourceTree = "<group>"; };
		A5DCCC412C878199000ED9BC /* BluechipProgress.app */ = {isa = PBXFileReference; explicitFileType = wrapper.application; includeInIndex = 0; path = BluechipProgress.app; sourceTree = BUILT_PRODUCTS_DIR; };
		A5DCCC442C878199000ED9BC /* AppDelegate.swift */ = {isa = PBXFileReference; lastKnownFileType = sourcecode.swift; path = AppDelegate.swift; sourceTree = "<group>"; };
		A5DCCC462C878199000ED9BC /* SceneDelegate.swift */ = {isa = PBXFileReference; lastKnownFileType = sourcecode.swift; path = SceneDelegate.swift; sourceTree = "<group>"; };
		A5DCCC482C878199000ED9BC /* ViewController.swift */ = {isa = PBXFileReference; lastKnownFileType = sourcecode.swift; path = ViewController.swift; sourceTree = "<group>"; };
		A5DCCC4B2C878199000ED9BC /* Base */ = {isa = PBXFileReference; lastKnownFileType = file.storyboard; name = Base; path = Base.lproj/Main.storyboard; sourceTree = "<group>"; };
		A5DCCC4D2C87819B000ED9BC /* Assets.xcassets */ = {isa = PBXFileReference; lastKnownFileType = folder.assetcatalog; path = Assets.xcassets; sourceTree = "<group>"; };
		A5DCCC502C87819B000ED9BC /* Base */ = {isa = PBXFileReference; lastKnownFileType = file.storyboard; name = Base; path = Base.lproj/LaunchScreen.storyboard; sourceTree = "<group>"; };
		A5DCCC522C87819B000ED9BC /* Info.plist */ = {isa = PBXFileReference; lastKnownFileType = text.plist.xml; path = Info.plist; sourceTree = "<group>"; };
		A5DCCC642C878CA1000ED9BC /* BackgroundView.swift */ = {isa = PBXFileReference; lastKnownFileType = sourcecode.swift; path = BackgroundView.swift; sourceTree = "<group>"; };
		A5DCCC662C878D14000ED9BC /* Color + Ext.swift */ = {isa = PBXFileReference; lastKnownFileType = sourcecode.swift; path = "Color + Ext.swift"; sourceTree = "<group>"; };
		A5DCCC692C878F6D000ED9BC /* TabMainView.swift */ = {isa = PBXFileReference; lastKnownFileType = sourcecode.swift; path = TabMainView.swift; sourceTree = "<group>"; };
		A5DCCC6B2C878F7B000ED9BC /* MaterialEffect.swift */ = {isa = PBXFileReference; lastKnownFileType = sourcecode.swift; path = MaterialEffect.swift; sourceTree = "<group>"; };
		A5DCCC6D2C878F8F000ED9BC /* BottomCurve.swift */ = {isa = PBXFileReference; lastKnownFileType = sourcecode.swift; path = BottomCurve.swift; sourceTree = "<group>"; };
		A5DCCC6F2C878FC2000ED9BC /* View + Ext.swift */ = {isa = PBXFileReference; lastKnownFileType = sourcecode.swift; path = "View + Ext.swift"; sourceTree = "<group>"; };
		A5F896202C89BA5C0009DC0A /* Modifiers.swift */ = {isa = PBXFileReference; lastKnownFileType = sourcecode.swift; path = Modifiers.swift; sourceTree = "<group>"; };
		A5F896222C89BC5B0009DC0A /* GoalCardView.swift */ = {isa = PBXFileReference; lastKnownFileType = sourcecode.swift; path = GoalCardView.swift; sourceTree = "<group>"; };
		B13917957B509C3C0E7B8763 /* Pods_BluechipProgress.framework */ = {isa = PBXFileReference; explicitFileType = wrapper.framework; includeInIndex = 0; path = Pods_BluechipProgress.framework; sourceTree = BUILT_PRODUCTS_DIR; };
/* End PBXFileReference section */

/* Begin PBXFrameworksBuildPhase section */
		A5DCCC3E2C878199000ED9BC /* Frameworks */ = {
			isa = PBXFrameworksBuildPhase;
			buildActionMask = 2147483647;
			files = (
				A5A96D9E2C9848CF00D0F3F2 /* RealmSwift in Frameworks */,
				A5DCCC632C878C93000ED9BC /* FoggyColors in Frameworks */,
				7AEFDE27038E0F178FFB4D50 /* Pods_BluechipProgress.framework in Frameworks */,
			);
			runOnlyForDeploymentPostprocessing = 0;
		};
/* End PBXFrameworksBuildPhase section */

/* Begin PBXGroup section */
		791EE07B4F81DE3D49A18C82 /* Pods */ = {
			isa = PBXGroup;
			children = (
				4AD29D1EB6743F8597FC24DC /* Pods-BluechipProgress.debug.xcconfig */,
				813322593E04776110841B50 /* Pods-BluechipProgress.release.xcconfig */,
			);
			path = Pods;
			sourceTree = "<group>";
		};
		822D7AC704AE344B1A724DA5 /* Frameworks */ = {
			isa = PBXGroup;
			children = (
				B13917957B509C3C0E7B8763 /* Pods_BluechipProgress.framework */,
			);
			name = Frameworks;
			sourceTree = "<group>";
		};
		A5265D7E2C920DF700EC4158 /* GoalDetail */ = {
			isa = PBXGroup;
			children = (
				A5265D852C92173400EC4158 /* GoalDetailView.swift */,
			);
			path = GoalDetail;
			sourceTree = "<group>";
		};
		A5265D872C92DFB700EC4158 /* CompletedGoals */ = {
			isa = PBXGroup;
			children = (
				A5265D882C92DFCA00EC4158 /* CompletedGoalsView.swift */,
				A5265D8C2C92E10100EC4158 /* CompletedCellView.swift */,
				A5265D8A2C92E09500EC4158 /* CompletedGoalsViewModel.swift */,
			);
			path = CompletedGoals;
			sourceTree = "<group>";
		};
		A5265D9E2C9305A300EC4158 /* Root */ = {
			isa = PBXGroup;
			children = (
				A5265D9F2C9305AA00EC4158 /* RootView.swift */,
			);
			path = Root;
			sourceTree = "<group>";
		};
		A57D4A5C2C88CBE80015C5C5 /* Model */ = {
			isa = PBXGroup;
			children = (
				A57D4A5D2C88CBF60015C5C5 /* Goal.swift */,
			);
			path = Model;
			sourceTree = "<group>";
		};
		A57D4A5F2C88CCD20015C5C5 /* Service */ = {
			isa = PBXGroup;
			children = (
				A57D4A602C88CD830015C5C5 /* DataManager.swift */,
				A59D0C6D2C90AE220007D316 /* StorageManager.swift */,
			);
			path = Service;
			sourceTree = "<group>";
		};
		A59D0C662C90A04D0007D316 /* NewGoal */ = {
			isa = PBXGroup;
			children = (
				A59D0C672C90A0560007D316 /* NewGoalView.swift */,
			);
			path = NewGoal;
			sourceTree = "<group>";
		};
		A5DCCC382C878199000ED9BC = {
			isa = PBXGroup;
			children = (
				A5A96D972C98140800D0F3F2 /* PrivacyInfo.xcprivacy */,
				A5DCCC432C878199000ED9BC /* BluechipProgress */,
				A5DCCC422C878199000ED9BC /* Products */,
				791EE07B4F81DE3D49A18C82 /* Pods */,
				822D7AC704AE344B1A724DA5 /* Frameworks */,
			);
			sourceTree = "<group>";
		};
		A5DCCC422C878199000ED9BC /* Products */ = {
			isa = PBXGroup;
			children = (
				A5DCCC412C878199000ED9BC /* BluechipProgress.app */,
			);
			name = Products;
			sourceTree = "<group>";
		};
		A5DCCC432C878199000ED9BC /* BluechipProgress */ = {
			isa = PBXGroup;
			children = (
				A5A96D9A2C983F0300D0F3F2 /* GoogleService-Info.plist */,
				A5A96D992C98142200D0F3F2 /* BluechipProgress.entitlements */,
				A5265D9E2C9305A300EC4158 /* Root */,
				A5265D872C92DFB700EC4158 /* CompletedGoals */,
				A5265D7E2C920DF700EC4158 /* GoalDetail */,
				A59D0C662C90A04D0007D316 /* NewGoal */,
				A57D4A5F2C88CCD20015C5C5 /* Service */,
				A57D4A5C2C88CBE80015C5C5 /* Model */,
				A5DCCC682C878F65000ED9BC /* Tab */,
				A5DCCC602C8781D9000ED9BC /* Onboarding */,
				A5DCCC5F2C8781D2000ED9BC /* Extensions */,
				A5DCCC5E2C8781CE000ED9BC /* Profile */,
				A5DCCC5C2C8781C4000ED9BC /* AllGoals */,
				A5DCCC5B2C8781BE000ED9BC /* Main */,
				A5DCCC5A2C8781BA000ED9BC /* Components */,
				A5DCCC592C8781B3000ED9BC /* Auth */,
				A5DCCC582C8781AF000ED9BC /* APP */,
				A5DCCC4A2C878199000ED9BC /* Main.storyboard */,
				A5DCCC4D2C87819B000ED9BC /* Assets.xcassets */,
				A5DCCC4F2C87819B000ED9BC /* LaunchScreen.storyboard */,
				A5DCCC522C87819B000ED9BC /* Info.plist */,
			);
			path = BluechipProgress;
			sourceTree = "<group>";
		};
		A5DCCC582C8781AF000ED9BC /* APP */ = {
			isa = PBXGroup;
			children = (
				A5DCCC442C878199000ED9BC /* AppDelegate.swift */,
				A5DCCC462C878199000ED9BC /* SceneDelegate.swift */,
				A5DCCC482C878199000ED9BC /* ViewController.swift */,
				A5A96D952C9811D700D0F3F2 /* UserManager.swift */,
			);
			path = APP;
			sourceTree = "<group>";
		};
		A5DCCC592C8781B3000ED9BC /* Auth */ = {
			isa = PBXGroup;
			children = (
				A5265D922C93008800EC4158 /* AuthVM.swift */,
				A5265D942C93009A00EC4158 /* LogInView.swift */,
				A5265D962C9300AA00EC4158 /* RegView.swift */,
				A5265D982C9300C600EC4158 /* InputView.swift */,
				A5265D9A2C9300D400EC4158 /* ProgressView.swift */,
			);
			path = Auth;
			sourceTree = "<group>";
		};
		A5DCCC5A2C8781BA000ED9BC /* Components */ = {
			isa = PBXGroup;
			children = (
				A5DCCC642C878CA1000ED9BC /* BackgroundView.swift */,
				A59D0C692C90A70C0007D316 /* ImageSelectionView.swift */,
				A59D0C6B2C90A72D0007D316 /* ImagePicker.swift */,
			);
			path = Components;
			sourceTree = "<group>";
		};
		A5DCCC5B2C8781BE000ED9BC /* Main */ = {
			isa = PBXGroup;
			children = (
				A57D4A572C88C7060015C5C5 /* MainView.swift */,
				A59D0C6F2C90B3240007D316 /* MainViewModel.swift */,
				A5F896222C89BC5B0009DC0A /* GoalCardView.swift */,
				A55DDE5F2C90C7A50041AE5B /* SubgoalsView.swift */,
			);
			path = Main;
			sourceTree = "<group>";
		};
		A5DCCC5C2C8781C4000ED9BC /* AllGoals */ = {
			isa = PBXGroup;
			children = (
				A5265D7F2C920E0900EC4158 /* GoalListView.swift */,
				A5265D832C920F7500EC4158 /* GoalSmallCellView.swift */,
				A5265D812C920EED00EC4158 /* GoalListViewModel.swift */,
			);
			path = AllGoals;
			sourceTree = "<group>";
		};
		A5DCCC5E2C8781CE000ED9BC /* Profile */ = {
			isa = PBXGroup;
			children = (
				A5265D8E2C92F90900EC4158 /* ProfileView.swift */,
			);
			path = Profile;
			sourceTree = "<group>";
		};
		A5DCCC5F2C8781D2000ED9BC /* Extensions */ = {
			isa = PBXGroup;
			children = (
				A5DCCC662C878D14000ED9BC /* Color + Ext.swift */,
				A5DCCC6F2C878FC2000ED9BC /* View + Ext.swift */,
				A5F896202C89BA5C0009DC0A /* Modifiers.swift */,
			);
			path = Extensions;
			sourceTree = "<group>";
		};
		A5DCCC602C8781D9000ED9BC /* Onboarding */ = {
			isa = PBXGroup;
			children = (
				A5265D902C92FCD200EC4158 /* OnboardingView.swift */,
			);
			path = Onboarding;
			sourceTree = "<group>";
		};
		A5DCCC682C878F65000ED9BC /* Tab */ = {
			isa = PBXGroup;
			children = (
				A5DCCC692C878F6D000ED9BC /* TabMainView.swift */,
				A5DCCC6B2C878F7B000ED9BC /* MaterialEffect.swift */,
				A5DCCC6D2C878F8F000ED9BC /* BottomCurve.swift */,
			);
			path = Tab;
			sourceTree = "<group>";
		};
/* End PBXGroup section */

/* Begin PBXNativeTarget section */
		A5DCCC402C878199000ED9BC /* BluechipProgress */ = {
			isa = PBXNativeTarget;
			buildConfigurationList = A5DCCC552C87819B000ED9BC /* Build configuration list for PBXNativeTarget "BluechipProgress" */;
			buildPhases = (
				F09F0830244A64D01A8AF0A8 /* [CP] Check Pods Manifest.lock */,
				A5DCCC3D2C878199000ED9BC /* Sources */,
				A5DCCC3E2C878199000ED9BC /* Frameworks */,
				A5DCCC3F2C878199000ED9BC /* Resources */,
				F1DA25C4A1F56C2F7F8A9EC8 /* [CP] Embed Pods Frameworks */,
				CC6B7CB4AA1C4AEAE5E5A81E /* [CP] Copy Pods Resources */,
				A50160BD2C98537D00810737 /* Embed Frameworks */,
			);
			buildRules = (
			);
			dependencies = (
			);
			name = BluechipProgress;
			packageProductDependencies = (
				A5DCCC622C878C93000ED9BC /* FoggyColors */,
				A5A96D9D2C9848CF00D0F3F2 /* RealmSwift */,
			);
			productName = BluechipProgress;
			productReference = A5DCCC412C878199000ED9BC /* BluechipProgress.app */;
			productType = "com.apple.product-type.application";
		};
/* End PBXNativeTarget section */

/* Begin PBXProject section */
		A5DCCC392C878199000ED9BC /* Project object */ = {
			isa = PBXProject;
			attributes = {
				BuildIndependentTargetsInParallel = 1;
				LastSwiftUpdateCheck = 1530;
				LastUpgradeCheck = 1530;
				TargetAttributes = {
					A5DCCC402C878199000ED9BC = {
						CreatedOnToolsVersion = 15.3;
					};
				};
			};
			buildConfigurationList = A5DCCC3C2C878199000ED9BC /* Build configuration list for PBXProject "BluechipProgress" */;
			compatibilityVersion = "Xcode 14.0";
			developmentRegion = en;
			hasScannedForEncodings = 0;
			knownRegions = (
				en,
				Base,
			);
			mainGroup = A5DCCC382C878199000ED9BC;
			packageReferences = (
				A5DCCC612C878C93000ED9BC /* XCRemoteSwiftPackageReference "FoggyColors" */,
				A5A96D9C2C9848CF00D0F3F2 /* XCRemoteSwiftPackageReference "realm-swift" */,
			);
			productRefGroup = A5DCCC422C878199000ED9BC /* Products */;
			projectDirPath = "";
			projectRoot = "";
			targets = (
				A5DCCC402C878199000ED9BC /* BluechipProgress */,
			);
		};
/* End PBXProject section */

/* Begin PBXResourcesBuildPhase section */
		A5DCCC3F2C878199000ED9BC /* Resources */ = {
			isa = PBXResourcesBuildPhase;
			buildActionMask = 2147483647;
			files = (
				A5DCCC4E2C87819B000ED9BC /* Assets.xcassets in Resources */,
				A5DCCC512C87819B000ED9BC /* Base in Resources */,
				A5A96D9B2C983F0300D0F3F2 /* GoogleService-Info.plist in Resources */,
				A5A96D982C98140800D0F3F2 /* PrivacyInfo.xcprivacy in Resources */,
				A5DCCC4C2C878199000ED9BC /* Base in Resources */,
			);
			runOnlyForDeploymentPostprocessing = 0;
		};
/* End PBXResourcesBuildPhase section */

/* Begin PBXShellScriptBuildPhase section */
		CC6B7CB4AA1C4AEAE5E5A81E /* [CP] Copy Pods Resources */ = {
			isa = PBXShellScriptBuildPhase;
			buildActionMask = 2147483647;
			files = (
			);
			inputFileListPaths = (
				"${PODS_ROOT}/Target Support Files/Pods-BluechipProgress/Pods-BluechipProgress-resources-${CONFIGURATION}-input-files.xcfilelist",
			);
			name = "[CP] Copy Pods Resources";
			outputFileListPaths = (
				"${PODS_ROOT}/Target Support Files/Pods-BluechipProgress/Pods-BluechipProgress-resources-${CONFIGURATION}-output-files.xcfilelist",
			);
			runOnlyForDeploymentPostprocessing = 0;
			shellPath = /bin/sh;
			shellScript = "\"${PODS_ROOT}/Target Support Files/Pods-BluechipProgress/Pods-BluechipProgress-resources.sh\"\n";
			showEnvVarsInLog = 0;
		};
		F09F0830244A64D01A8AF0A8 /* [CP] Check Pods Manifest.lock */ = {
			isa = PBXShellScriptBuildPhase;
			buildActionMask = 2147483647;
			files = (
			);
			inputFileListPaths = (
			);
			inputPaths = (
				"${PODS_PODFILE_DIR_PATH}/Podfile.lock",
				"${PODS_ROOT}/Manifest.lock",
			);
			name = "[CP] Check Pods Manifest.lock";
			outputFileListPaths = (
			);
			outputPaths = (
				"$(DERIVED_FILE_DIR)/Pods-BluechipProgress-checkManifestLockResult.txt",
			);
			runOnlyForDeploymentPostprocessing = 0;
			shellPath = /bin/sh;
			shellScript = "diff \"${PODS_PODFILE_DIR_PATH}/Podfile.lock\" \"${PODS_ROOT}/Manifest.lock\" > /dev/null\nif [ $? != 0 ] ; then\n    # print error to STDERR\n    echo \"error: The sandbox is not in sync with the Podfile.lock. Run 'pod install' or update your CocoaPods installation.\" >&2\n    exit 1\nfi\n# This output is used by Xcode 'outputs' to avoid re-running this script phase.\necho \"SUCCESS\" > \"${SCRIPT_OUTPUT_FILE_0}\"\n";
			showEnvVarsInLog = 0;
		};
		F1DA25C4A1F56C2F7F8A9EC8 /* [CP] Embed Pods Frameworks */ = {
			isa = PBXShellScriptBuildPhase;
			buildActionMask = 2147483647;
			files = (
			);
			inputFileListPaths = (
				"${PODS_ROOT}/Target Support Files/Pods-BluechipProgress/Pods-BluechipProgress-frameworks-${CONFIGURATION}-input-files.xcfilelist",
			);
			name = "[CP] Embed Pods Frameworks";
			outputFileListPaths = (
				"${PODS_ROOT}/Target Support Files/Pods-BluechipProgress/Pods-BluechipProgress-frameworks-${CONFIGURATION}-output-files.xcfilelist",
			);
			runOnlyForDeploymentPostprocessing = 0;
			shellPath = /bin/sh;
			shellScript = "\"${PODS_ROOT}/Target Support Files/Pods-BluechipProgress/Pods-BluechipProgress-frameworks.sh\"\n";
			showEnvVarsInLog = 0;
		};
/* End PBXShellScriptBuildPhase section */

/* Begin PBXSourcesBuildPhase section */
		A5DCCC3D2C878199000ED9BC /* Sources */ = {
			isa = PBXSourcesBuildPhase;
			buildActionMask = 2147483647;
			files = (
				A5265D932C93008800EC4158 /* AuthVM.swift in Sources */,
				A5265D972C9300AA00EC4158 /* RegView.swift in Sources */,
				A5265D912C92FCD200EC4158 /* OnboardingView.swift in Sources */,
				A5265D862C92173400EC4158 /* GoalDetailView.swift in Sources */,
				A5265DA02C9305AA00EC4158 /* RootView.swift in Sources */,
				A5DCCC492C878199000ED9BC /* ViewController.swift in Sources */,
				A57D4A612C88CD830015C5C5 /* DataManager.swift in Sources */,
				A5F896212C89BA5C0009DC0A /* Modifiers.swift in Sources */,
				A59D0C6E2C90AE220007D316 /* StorageManager.swift in Sources */,
				A59D0C6C2C90A72D0007D316 /* ImagePicker.swift in Sources */,
				A5DCCC452C878199000ED9BC /* AppDelegate.swift in Sources */,
				A5DCCC6C2C878F7B000ED9BC /* MaterialEffect.swift in Sources */,
				A5265D952C93009A00EC4158 /* LogInView.swift in Sources */,
				A57D4A582C88C7060015C5C5 /* MainView.swift in Sources */,
				A5265D802C920E0900EC4158 /* GoalListView.swift in Sources */,
				A55DDE602C90C7A50041AE5B /* SubgoalsView.swift in Sources */,
				A5DCCC672C878D14000ED9BC /* Color + Ext.swift in Sources */,
				A5265D8F2C92F90900EC4158 /* ProfileView.swift in Sources */,
				A5A96D962C9811D700D0F3F2 /* UserManager.swift in Sources */,
				A5265D842C920F7500EC4158 /* GoalSmallCellView.swift in Sources */,
				A59D0C6A2C90A70C0007D316 /* ImageSelectionView.swift in Sources */,
				A59D0C682C90A0560007D316 /* NewGoalView.swift in Sources */,
				A5265D8B2C92E09500EC4158 /* CompletedGoalsViewModel.swift in Sources */,
				A5F896232C89BC5B0009DC0A /* GoalCardView.swift in Sources */,
				A5DCCC702C878FC2000ED9BC /* View + Ext.swift in Sources */,
				A5265D9B2C9300D400EC4158 /* ProgressView.swift in Sources */,
				A5265D822C920EED00EC4158 /* GoalListViewModel.swift in Sources */,
				A59D0C702C90B3240007D316 /* MainViewModel.swift in Sources */,
				A57D4A5E2C88CBF60015C5C5 /* Goal.swift in Sources */,
				A5265D892C92DFCA00EC4158 /* CompletedGoalsView.swift in Sources */,
				A5DCCC6A2C878F6D000ED9BC /* TabMainView.swift in Sources */,
				A5DCCC652C878CA1000ED9BC /* BackgroundView.swift in Sources */,
				A5DCCC6E2C878F8F000ED9BC /* BottomCurve.swift in Sources */,
				A5265D992C9300C600EC4158 /* InputView.swift in Sources */,
				A5DCCC472C878199000ED9BC /* SceneDelegate.swift in Sources */,
				A5265D8D2C92E10100EC4158 /* CompletedCellView.swift in Sources */,
			);
			runOnlyForDeploymentPostprocessing = 0;
		};
/* End PBXSourcesBuildPhase section */

/* Begin PBXVariantGroup section */
		A5DCCC4A2C878199000ED9BC /* Main.storyboard */ = {
			isa = PBXVariantGroup;
			children = (
				A5DCCC4B2C878199000ED9BC /* Base */,
			);
			name = Main.storyboard;
			sourceTree = "<group>";
		};
		A5DCCC4F2C87819B000ED9BC /* LaunchScreen.storyboard */ = {
			isa = PBXVariantGroup;
			children = (
				A5DCCC502C87819B000ED9BC /* Base */,
			);
			name = LaunchScreen.storyboard;
			sourceTree = "<group>";
		};
/* End PBXVariantGroup section */

/* Begin XCBuildConfiguration section */
		A5DCCC532C87819B000ED9BC /* Debug */ = {
			isa = XCBuildConfiguration;
			buildSettings = {
				ALWAYS_SEARCH_USER_PATHS = NO;
				ASSETCATALOG_COMPILER_GENERATE_SWIFT_ASSET_SYMBOL_EXTENSIONS = YES;
				CLANG_ANALYZER_NONNULL = YES;
				CLANG_ANALYZER_NUMBER_OBJECT_CONVERSION = YES_AGGRESSIVE;
				CLANG_CXX_LANGUAGE_STANDARD = "gnu++20";
				CLANG_ENABLE_MODULES = YES;
				CLANG_ENABLE_OBJC_ARC = YES;
				CLANG_ENABLE_OBJC_WEAK = YES;
				CLANG_WARN_BLOCK_CAPTURE_AUTORELEASING = YES;
				CLANG_WARN_BOOL_CONVERSION = YES;
				CLANG_WARN_COMMA = YES;
				CLANG_WARN_CONSTANT_CONVERSION = YES;
				CLANG_WARN_DEPRECATED_OBJC_IMPLEMENTATIONS = YES;
				CLANG_WARN_DIRECT_OBJC_ISA_USAGE = YES_ERROR;
				CLANG_WARN_DOCUMENTATION_COMMENTS = YES;
				CLANG_WARN_EMPTY_BODY = YES;
				CLANG_WARN_ENUM_CONVERSION = YES;
				CLANG_WARN_INFINITE_RECURSION = YES;
				CLANG_WARN_INT_CONVERSION = YES;
				CLANG_WARN_NON_LITERAL_NULL_CONVERSION = YES;
				CLANG_WARN_OBJC_IMPLICIT_RETAIN_SELF = YES;
				CLANG_WARN_OBJC_LITERAL_CONVERSION = YES;
				CLANG_WARN_OBJC_ROOT_CLASS = YES_ERROR;
				CLANG_WARN_QUOTED_INCLUDE_IN_FRAMEWORK_HEADER = YES;
				CLANG_WARN_RANGE_LOOP_ANALYSIS = YES;
				CLANG_WARN_STRICT_PROTOTYPES = YES;
				CLANG_WARN_SUSPICIOUS_MOVE = YES;
				CLANG_WARN_UNGUARDED_AVAILABILITY = YES_AGGRESSIVE;
				CLANG_WARN_UNREACHABLE_CODE = YES;
				CLANG_WARN__DUPLICATE_METHOD_MATCH = YES;
				COPY_PHASE_STRIP = NO;
				DEBUG_INFORMATION_FORMAT = dwarf;
				ENABLE_STRICT_OBJC_MSGSEND = YES;
				ENABLE_TESTABILITY = YES;
				ENABLE_USER_SCRIPT_SANDBOXING = YES;
				GCC_C_LANGUAGE_STANDARD = gnu17;
				GCC_DYNAMIC_NO_PIC = NO;
				GCC_NO_COMMON_BLOCKS = YES;
				GCC_OPTIMIZATION_LEVEL = 0;
				GCC_PREPROCESSOR_DEFINITIONS = (
					"DEBUG=1",
					"$(inherited)",
				);
				GCC_WARN_64_TO_32_BIT_CONVERSION = YES;
				GCC_WARN_ABOUT_RETURN_TYPE = YES_ERROR;
				GCC_WARN_UNDECLARED_SELECTOR = YES;
				GCC_WARN_UNINITIALIZED_AUTOS = YES_AGGRESSIVE;
				GCC_WARN_UNUSED_FUNCTION = YES;
				GCC_WARN_UNUSED_VARIABLE = YES;
				IPHONEOS_DEPLOYMENT_TARGET = 17.4;
				LOCALIZATION_PREFERS_STRING_CATALOGS = YES;
				MTL_ENABLE_DEBUG_INFO = INCLUDE_SOURCE;
				MTL_FAST_MATH = YES;
				ONLY_ACTIVE_ARCH = YES;
				SDKROOT = iphoneos;
				SWIFT_ACTIVE_COMPILATION_CONDITIONS = "DEBUG $(inherited)";
				SWIFT_OPTIMIZATION_LEVEL = "-Onone";
			};
			name = Debug;
		};
		A5DCCC542C87819B000ED9BC /* Release */ = {
			isa = XCBuildConfiguration;
			buildSettings = {
				ALWAYS_SEARCH_USER_PATHS = NO;
				ASSETCATALOG_COMPILER_GENERATE_SWIFT_ASSET_SYMBOL_EXTENSIONS = YES;
				CLANG_ANALYZER_NONNULL = YES;
				CLANG_ANALYZER_NUMBER_OBJECT_CONVERSION = YES_AGGRESSIVE;
				CLANG_CXX_LANGUAGE_STANDARD = "gnu++20";
				CLANG_ENABLE_MODULES = YES;
				CLANG_ENABLE_OBJC_ARC = YES;
				CLANG_ENABLE_OBJC_WEAK = YES;
				CLANG_WARN_BLOCK_CAPTURE_AUTORELEASING = YES;
				CLANG_WARN_BOOL_CONVERSION = YES;
				CLANG_WARN_COMMA = YES;
				CLANG_WARN_CONSTANT_CONVERSION = YES;
				CLANG_WARN_DEPRECATED_OBJC_IMPLEMENTATIONS = YES;
				CLANG_WARN_DIRECT_OBJC_ISA_USAGE = YES_ERROR;
				CLANG_WARN_DOCUMENTATION_COMMENTS = YES;
				CLANG_WARN_EMPTY_BODY = YES;
				CLANG_WARN_ENUM_CONVERSION = YES;
				CLANG_WARN_INFINITE_RECURSION = YES;
				CLANG_WARN_INT_CONVERSION = YES;
				CLANG_WARN_NON_LITERAL_NULL_CONVERSION = YES;
				CLANG_WARN_OBJC_IMPLICIT_RETAIN_SELF = YES;
				CLANG_WARN_OBJC_LITERAL_CONVERSION = YES;
				CLANG_WARN_OBJC_ROOT_CLASS = YES_ERROR;
				CLANG_WARN_QUOTED_INCLUDE_IN_FRAMEWORK_HEADER = YES;
				CLANG_WARN_RANGE_LOOP_ANALYSIS = YES;
				CLANG_WARN_STRICT_PROTOTYPES = YES;
				CLANG_WARN_SUSPICIOUS_MOVE = YES;
				CLANG_WARN_UNGUARDED_AVAILABILITY = YES_AGGRESSIVE;
				CLANG_WARN_UNREACHABLE_CODE = YES;
				CLANG_WARN__DUPLICATE_METHOD_MATCH = YES;
				COPY_PHASE_STRIP = NO;
				DEBUG_INFORMATION_FORMAT = "dwarf-with-dsym";
				ENABLE_NS_ASSERTIONS = NO;
				ENABLE_STRICT_OBJC_MSGSEND = YES;
				ENABLE_USER_SCRIPT_SANDBOXING = YES;
				GCC_C_LANGUAGE_STANDARD = gnu17;
				GCC_NO_COMMON_BLOCKS = YES;
				GCC_WARN_64_TO_32_BIT_CONVERSION = YES;
				GCC_WARN_ABOUT_RETURN_TYPE = YES_ERROR;
				GCC_WARN_UNDECLARED_SELECTOR = YES;
				GCC_WARN_UNINITIALIZED_AUTOS = YES_AGGRESSIVE;
				GCC_WARN_UNUSED_FUNCTION = YES;
				GCC_WARN_UNUSED_VARIABLE = YES;
				IPHONEOS_DEPLOYMENT_TARGET = 17.4;
				LOCALIZATION_PREFERS_STRING_CATALOGS = YES;
				MTL_ENABLE_DEBUG_INFO = NO;
				MTL_FAST_MATH = YES;
				SDKROOT = iphoneos;
				SWIFT_COMPILATION_MODE = wholemodule;
				VALIDATE_PRODUCT = YES;
			};
			name = Release;
		};
		A5DCCC562C87819B000ED9BC /* Debug */ = {
			isa = XCBuildConfiguration;
			baseConfigurationReference = 4AD29D1EB6743F8597FC24DC /* Pods-BluechipProgress.debug.xcconfig */;
			buildSettings = {
				ASSETCATALOG_COMPILER_APPICON_NAME = AppIcon;
				ASSETCATALOG_COMPILER_GLOBAL_ACCENT_COLOR_NAME = AccentColor;
				CODE_SIGN_ENTITLEMENTS = BluechipProgress/BluechipProgress.entitlements;
				CODE_SIGN_STYLE = Manual;
				CURRENT_PROJECT_VERSION = 1;
				DEVELOPMENT_TEAM = "";
				ENABLE_USER_SCRIPT_SANDBOXING = NO;
				GENERATE_INFOPLIST_FILE = YES;
				INFOPLIST_FILE = BluechipProgress/Info.plist;
				INFOPLIST_KEY_UIApplicationSupportsIndirectInputEvents = YES;
				INFOPLIST_KEY_UILaunchStoryboardName = LaunchScreen;
				INFOPLIST_KEY_UIMainStoryboardFile = Main;
				INFOPLIST_KEY_UIStatusBarHidden = YES;
				INFOPLIST_KEY_UISupportedInterfaceOrientations = UIInterfaceOrientationPortrait;
				INFOPLIST_KEY_UISupportedInterfaceOrientations_iPad = "UIInterfaceOrientationLandscapeLeft UIInterfaceOrientationLandscapeRight UIInterfaceOrientationPortrait UIInterfaceOrientationPortraitUpsideDown";
				IPHONEOS_DEPLOYMENT_TARGET = 16.0;
				LD_RUNPATH_SEARCH_PATHS = (
					"$(inherited)",
					"@executable_path/Frameworks",
				);
				MARKETING_VERSION = 1.0;
				PRODUCT_BUNDLE_IDENTIFIER = com.BluechipProgress;
				PRODUCT_NAME = "$(TARGET_NAME)";
				PROVISIONING_PROFILE_SPECIFIER = "";
				SUPPORTED_PLATFORMS = "iphoneos iphonesimulator";
				SUPPORTS_MACCATALYST = NO;
				SUPPORTS_MAC_DESIGNED_FOR_IPHONE_IPAD = NO;
				SUPPORTS_XR_DESIGNED_FOR_IPHONE_IPAD = NO;
				SWIFT_EMIT_LOC_STRINGS = YES;
				SWIFT_VERSION = 5.0;
				TARGETED_DEVICE_FAMILY = 1;
			};
			name = Debug;
		};
		A5DCCC572C87819B000ED9BC /* Release */ = {
			isa = XCBuildConfiguration;
			baseConfigurationReference = 813322593E04776110841B50 /* Pods-BluechipProgress.release.xcconfig */;
			buildSettings = {
				ASSETCATALOG_COMPILER_APPICON_NAME = AppIcon;
				ASSETCATALOG_COMPILER_GLOBAL_ACCENT_COLOR_NAME = AccentColor;
				CODE_SIGN_ENTITLEMENTS = BluechipProgress/BluechipProgress.entitlements;
				CODE_SIGN_STYLE = Manual;
				CURRENT_PROJECT_VERSION = 1;
				DEVELOPMENT_TEAM = "";
				ENABLE_USER_SCRIPT_SANDBOXING = NO;
				GENERATE_INFOPLIST_FILE = YES;
				INFOPLIST_FILE = BluechipProgress/Info.plist;
				INFOPLIST_KEY_UIApplicationSupportsIndirectInputEvents = YES;
				INFOPLIST_KEY_UILaunchStoryboardName = LaunchScreen;
				INFOPLIST_KEY_UIMainStoryboardFile = Main;
				INFOPLIST_KEY_UIStatusBarHidden = YES;
				INFOPLIST_KEY_UISupportedInterfaceOrientations = UIInterfaceOrientationPortrait;
				INFOPLIST_KEY_UISupportedInterfaceOrientations_iPad = "UIInterfaceOrientationLandscapeLeft UIInterfaceOrientationLandscapeRight UIInterfaceOrientationPortrait UIInterfaceOrientationPortraitUpsideDown";
				IPHONEOS_DEPLOYMENT_TARGET = 16.0;
				LD_RUNPATH_SEARCH_PATHS = (
					"$(inherited)",
					"@executable_path/Frameworks",
				);
				MARKETING_VERSION = 1.0;
				PRODUCT_BUNDLE_IDENTIFIER = com.BluechipProgress;
				PRODUCT_NAME = "$(TARGET_NAME)";
				PROVISIONING_PROFILE_SPECIFIER = "";
				SUPPORTED_PLATFORMS = "iphoneos iphonesimulator";
				SUPPORTS_MACCATALYST = NO;
				SUPPORTS_MAC_DESIGNED_FOR_IPHONE_IPAD = NO;
				SUPPORTS_XR_DESIGNED_FOR_IPHONE_IPAD = NO;
				SWIFT_EMIT_LOC_STRINGS = YES;
				SWIFT_VERSION = 5.0;
				TARGETED_DEVICE_FAMILY = 1;
			};
			name = Release;
		};
/* End XCBuildConfiguration section */

/* Begin XCConfigurationList section */
		A5DCCC3C2C878199000ED9BC /* Build configuration list for PBXProject "BluechipProgress" */ = {
			isa = XCConfigurationList;
			buildConfigurations = (
				A5DCCC532C87819B000ED9BC /* Debug */,
				A5DCCC542C87819B000ED9BC /* Release */,
			);
			defaultConfigurationIsVisible = 0;
			defaultConfigurationName = Release;
		};
		A5DCCC552C87819B000ED9BC /* Build configuration list for PBXNativeTarget "BluechipProgress" */ = {
			isa = XCConfigurationList;
			buildConfigurations = (
				A5DCCC562C87819B000ED9BC /* Debug */,
				A5DCCC572C87819B000ED9BC /* Release */,
			);
			defaultConfigurationIsVisible = 0;
			defaultConfigurationName = Release;
		};
/* End XCConfigurationList section */

/* Begin XCRemoteSwiftPackageReference section */
		A5A96D9C2C9848CF00D0F3F2 /* XCRemoteSwiftPackageReference "realm-swift" */ = {
			isa = XCRemoteSwiftPackageReference;
			repositoryURL = "https://github.com/realm/realm-swift.git";
			requirement = {
				branch = master;
				kind = branch;
			};
		};
		A5DCCC612C878C93000ED9BC /* XCRemoteSwiftPackageReference "FoggyColors" */ = {
			isa = XCRemoteSwiftPackageReference;
			repositoryURL = "https://github.com/alexdremov/FoggyColors";
			requirement = {
				kind = upToNextMajorVersion;
				minimumVersion = 1.2.0;
			};
		};
/* End XCRemoteSwiftPackageReference section */

/* Begin XCSwiftPackageProductDependency section */
		A5A96D9D2C9848CF00D0F3F2 /* RealmSwift */ = {
			isa = XCSwiftPackageProductDependency;
			package = A5A96D9C2C9848CF00D0F3F2 /* XCRemoteSwiftPackageReference "realm-swift" */;
			productName = RealmSwift;
		};
		A5DCCC622C878C93000ED9BC /* FoggyColors */ = {
			isa = XCSwiftPackageProductDependency;
			package = A5DCCC612C878C93000ED9BC /* XCRemoteSwiftPackageReference "FoggyColors" */;
			productName = FoggyColors;
		};
/* End XCSwiftPackageProductDependency section */
	};
	rootObject = A5DCCC392C878199000ED9BC /* Project object */;
}
